
Microsoft Visual Studio Solution File, Format Version 12.00
# Visual Studio Version 17
VisualStudioVersion = 17.14.36401.2
MinimumVisualStudioVersion = 10.0.40219.1
Project("{FAE04EC0-301F-11D3-BF4B-00C04F79EFBC}") = "ScaleManagment", "Scale\ScaleManagment.csproj", "{37317FA1-8C22-4312-9547-33A0F12F5D01}"
EndProject
Global
	GlobalSection(SolutionConfigurationPlatforms) = preSolution
		Debug|Any CPU = Debug|Any CPU
		Release|Any CPU = Release|Any CPU
	EndGlobalSection
	GlobalSection(ProjectConfigurationPlatforms) = postSolution
		{37317FA1-8C22-4312-9547-33A0F12F5D01}.Debug|Any CPU.ActiveCfg = Debug|Any CPU
		{37317FA1-8C22-4312-9547-33A0F12F5D01}.Debug|Any CPU.Build.0 = Debug|Any CPU
		{37317FA1-8C22-4312-9547-33A0F12F5D01}.Release|Any CPU.ActiveCfg = Release|Any CPU
		{37317FA1-8C22-4312-9547-33A0F12F5D01}.Release|Any CPU.Build.0 = Release|Any CPU
	EndGlobalSection
	GlobalSection(SolutionProperties) = preSolution
		HideSolutionNode = FALSE
	EndGlobalSection
	GlobalSection(ExtensibilityGlobals) = postSolution
		SolutionGuid = {D556DB3C-D824-4153-80AE-8216636D5BC0}
	EndGlobalSection
EndGlobal
